
Microsoft Visual Studio Solution File, Format Version 12.00
# Visual Studio Version 17
VisualStudioVersion = 17.3.32819.101
MinimumVisualStudioVersion = 10.0.40219.1
Project("{FAE04EC0-301F-11D3-BF4B-00C04F79EFBC}") = "App10.Android", "App10\App10.Android\App10.Android.csproj", "{EEA8FBB5-1321-4766-BE1A-B0D46E45CAC6}"
EndProject
Project("{FAE04EC0-301F-11D3-BF4B-00C04F79EFBC}") = "App10.iOS", "App10\App10.iOS\App10.iOS.csproj", "{E77A3260-6077-4B87-9674-427329173F68}"
EndProject
Project("{FAE04EC0-301F-11D3-BF4B-00C04F79EFBC}") = "App10", "App10\App10\App10.csproj", "{B60D8F24-CABC-4F1A-978A-48792F476F2A}"
EndProject
Global
	GlobalSection(SolutionConfigurationPlatforms) = preSolution
		Debug|Any CPU = Debug|Any CPU
		Debug|iPhone = Debug|iPhone
		Debug|iPhoneSimulator = Debug|iPhoneSimulator
		Release|Any CPU = Release|Any CPU
		Release|iPhone = Release|iPhone
		Release|iPhoneSimulator = Release|iPhoneSimulator
	EndGlobalSection
	GlobalSection(ProjectConfigurationPlatforms) = postSolution
		{EEA8FBB5-1321-4766-BE1A-B0D46E45CAC6}.Debug|Any CPU.ActiveCfg = Debug|Any CPU
		{EEA8FBB5-1321-4766-BE1A-B0D46E45CAC6}.Debug|Any CPU.Build.0 = Debug|Any CPU
		{EEA8FBB5-1321-4766-BE1A-B0D46E45CAC6}.Debug|Any CPU.Deploy.0 = Debug|Any CPU
		{EEA8FBB5-1321-4766-BE1A-B0D46E45CAC6}.Debug|iPhone.ActiveCfg = Debug|Any CPU
		{EEA8FBB5-1321-4766-BE1A-B0D46E45CAC6}.Debug|iPhone.Build.0 = Debug|Any CPU
		{EEA8FBB5-1321-4766-BE1A-B0D46E45CAC6}.Debug|iPhone.Deploy.0 = Debug|Any CPU
		{EEA8FBB5-1321-4766-BE1A-B0D46E45CAC6}.Debug|iPhoneSimulator.ActiveCfg = Debug|Any CPU
		{EEA8FBB5-1321-4766-BE1A-B0D46E45CAC6}.Debug|iPhoneSimulator.Build.0 = Debug|Any CPU
		{EEA8FBB5-1321-4766-BE1A-B0D46E45CAC6}.Debug|iPhoneSimulator.Deploy.0 = Debug|Any CPU
		{EEA8FBB5-1321-4766-BE1A-B0D46E45CAC6}.Release|Any CPU.ActiveCfg = Release|Any CPU
		{EEA8FBB5-1321-4766-BE1A-B0D46E45CAC6}.Release|Any CPU.Build.0 = Release|Any CPU
		{EEA8FBB5-1321-4766-BE1A-B0D46E45CAC6}.Release|Any CPU.Deploy.0 = Release|Any CPU
		{EEA8FBB5-1321-4766-BE1A-B0D46E45CAC6}.Release|iPhone.ActiveCfg = Release|Any CPU
		{EEA8FBB5-1321-4766-BE1A-B0D46E45CAC6}.Release|iPhone.Build.0 = Release|Any CPU
		{EEA8FBB5-1321-4766-BE1A-B0D46E45CAC6}.Release|iPhone.Deploy.0 = Release|Any CPU
		{EEA8FBB5-1321-4766-BE1A-B0D46E45CAC6}.Release|iPhoneSimulator.ActiveCfg = Release|Any CPU
		{EEA8FBB5-1321-4766-BE1A-B0D46E45CAC6}.Release|iPhoneSimulator.Build.0 = Release|Any CPU
		{EEA8FBB5-1321-4766-BE1A-B0D46E45CAC6}.Release|iPhoneSimulator.Deploy.0 = Release|Any CPU
		{E77A3260-6077-4B87-9674-427329173F68}.Debug|Any CPU.ActiveCfg = Debug|iPhone
		{E77A3260-6077-4B87-9674-427329173F68}.Debug|Any CPU.Build.0 = Debug|iPhone
		{E77A3260-6077-4B87-9674-427329173F68}.Debug|Any CPU.Deploy.0 = Debug|iPhone
		{E77A3260-6077-4B87-9674-427329173F68}.Debug|iPhone.ActiveCfg = Debug|iPhone
		{E77A3260-6077-4B87-9674-427329173F68}.Debug|iPhone.Build.0 = Debug|iPhone
		{E77A3260-6077-4B87-9674-427329173F68}.Debug|iPhone.Deploy.0 = Debug|iPhone
		{E77A3260-6077-4B87-9674-427329173F68}.Debug|iPhoneSimulator.ActiveCfg = Debug|iPhoneSimulator
		{E77A3260-6077-4B87-9674-427329173F68}.Debug|iPhoneSimulator.Build.0 = Debug|iPhoneSimulator
		{E77A3260-6077-4B87-9674-427329173F68}.Debug|iPhoneSimulator.Deploy.0 = Debug|iPhoneSimulator
		{E77A3260-6077-4B87-9674-427329173F68}.Release|Any CPU.ActiveCfg = Release|iPhoneSimulator
		{E77A3260-6077-4B87-9674-427329173F68}.Release|Any CPU.Build.0 = Release|iPhoneSimulator
		{E77A3260-6077-4B87-9674-427329173F68}.Release|Any CPU.Deploy.0 = Release|iPhoneSimulator
		{E77A3260-6077-4B87-9674-427329173F68}.Release|iPhone.ActiveCfg = Release|iPhone
		{E77A3260-6077-4B87-9674-427329173F68}.Release|iPhone.Build.0 = Release|iPhone
		{E77A3260-6077-4B87-9674-427329173F68}.Release|iPhone.Deploy.0 = Release|iPhone
		{E77A3260-6077-4B87-9674-427329173F68}.Release|iPhoneSimulator.ActiveCfg = Release|iPhoneSimulator
		{E77A3260-6077-4B87-9674-427329173F68}.Release|iPhoneSimulator.Build.0 = Release|iPhoneSimulator
		{E77A3260-6077-4B87-9674-427329173F68}.Release|iPhoneSimulator.Deploy.0 = Release|iPhoneSimulator
		{B60D8F24-CABC-4F1A-978A-48792F476F2A}.Debug|Any CPU.ActiveCfg = Debug|Any CPU
		{B60D8F24-CABC-4F1A-978A-48792F476F2A}.Debug|Any CPU.Build.0 = Debug|Any CPU
		{B60D8F24-CABC-4F1A-978A-48792F476F2A}.Debug|Any CPU.Deploy.0 = Debug|Any CPU
		{B60D8F24-CABC-4F1A-978A-48792F476F2A}.Debug|iPhone.ActiveCfg = Debug|Any CPU
		{B60D8F24-CABC-4F1A-978A-48792F476F2A}.Debug|iPhone.Build.0 = Debug|Any CPU
		{B60D8F24-CABC-4F1A-978A-48792F476F2A}.Debug|iPhone.Deploy.0 = Debug|Any CPU
		{B60D8F24-CABC-4F1A-978A-48792F476F2A}.Debug|iPhoneSimulator.ActiveCfg = Debug|Any CPU
		{B60D8F24-CABC-4F1A-978A-48792F476F2A}.Debug|iPhoneSimulator.Build.0 = Debug|Any CPU
		{B60D8F24-CABC-4F1A-978A-48792F476F2A}.Debug|iPhoneSimulator.Deploy.0 = Debug|Any CPU
		{B60D8F24-CABC-4F1A-978A-48792F476F2A}.Release|Any CPU.ActiveCfg = Release|Any CPU
		{B60D8F24-CABC-4F1A-978A-48792F476F2A}.Release|Any CPU.Build.0 = Release|Any CPU
		{B60D8F24-CABC-4F1A-978A-48792F476F2A}.Release|Any CPU.Deploy.0 = Release|Any CPU
		{B60D8F24-CABC-4F1A-978A-48792F476F2A}.Release|iPhone.ActiveCfg = Release|Any CPU
		{B60D8F24-CABC-4F1A-978A-48792F476F2A}.Release|iPhone.Build.0 = Release|Any CPU
		{B60D8F24-CABC-4F1A-978A-48792F476F2A}.Release|iPhone.Deploy.0 = Release|Any CPU
		{B60D8F24-CABC-4F1A-978A-48792F476F2A}.Release|iPhoneSimulator.ActiveCfg = Release|Any CPU
		{B60D8F24-CABC-4F1A-978A-48792F476F2A}.Release|iPhoneSimulator.Build.0 = Release|Any CPU
		{B60D8F24-CABC-4F1A-978A-48792F476F2A}.Release|iPhoneSimulator.Deploy.0 = Release|Any CPU
	EndGlobalSection
	GlobalSection(SolutionProperties) = preSolution
		HideSolutionNode = FALSE
	EndGlobalSection
	GlobalSection(ExtensibilityGlobals) = postSolution
		SolutionGuid = {F0C87B3C-3E9D-4204-AF0E-4D2862991DE6}
	EndGlobalSection
EndGlobal
